
Microsoft Visual Studio Solution File, Format Version 12.00
# Visual Studio Version 17
VisualStudioVersion = 17.11.35303.130
MinimumVisualStudioVersion = 10.0.40219.1
Project("{FAE04EC0-301F-11D3-BF4B-00C04F79EFBC}") = "shatrashanova_lab1_kross", "shatrashanova_lab1_kross.csproj", "{F90D5592-4CB0-4508-ACEC-A2A7BB184078}"
EndProject
Global
	GlobalSection(SolutionConfigurationPlatforms) = preSolution
		Debug|Any CPU = Debug|Any CPU
		Release|Any CPU = Release|Any CPU
	EndGlobalSection
	GlobalSection(ProjectConfigurationPlatforms) = postSolution
		{F90D5592-4CB0-4508-ACEC-A2A7BB184078}.Debug|Any CPU.ActiveCfg = Debug|Any CPU
		{F90D5592-4CB0-4508-ACEC-A2A7BB184078}.Debug|Any CPU.Build.0 = Debug|Any CPU
		{F90D5592-4CB0-4508-ACEC-A2A7BB184078}.Release|Any CPU.ActiveCfg = Release|Any CPU
		{F90D5592-4CB0-4508-ACEC-A2A7BB184078}.Release|Any CPU.Build.0 = Release|Any CPU
	EndGlobalSection
	GlobalSection(SolutionProperties) = preSolution
		HideSolutionNode = FALSE
	EndGlobalSection
	GlobalSection(ExtensibilityGlobals) = postSolution
		SolutionGuid = {56FF9750-4240-4C1A-B0FE-B9D3A6BAE82C}
	EndGlobalSection
EndGlobal
